
Microsoft Visual Studio Solution File, Format Version 11.00
# Visual Studio 2010
Project("{FAE04EC0-301F-11D3-BF4B-00C04F79EFBC}") = "HashCheck", "HashCheck\HashCheck.csproj", "{2D15BA84-ED7A-4A4A-AF68-EC688F4DFFBC}"
EndProject
Global
	GlobalSection(SolutionConfigurationPlatforms) = preSolution
		Debug|x86 = Debug|x86
		Release|x86 = Release|x86
	EndGlobalSection
	GlobalSection(ProjectConfigurationPlatforms) = postSolution
		{2D15BA84-ED7A-4A4A-AF68-EC688F4DFFBC}.Debug|x86.ActiveCfg = Debug|x86
		{2D15BA84-ED7A-4A4A-AF68-EC688F4DFFBC}.Debug|x86.Build.0 = Debug|x86
		{2D15BA84-ED7A-4A4A-AF68-EC688F4DFFBC}.Release|x86.ActiveCfg = Release|x86
		{2D15BA84-ED7A-4A4A-AF68-EC688F4DFFBC}.Release|x86.Build.0 = Release|x86
	EndGlobalSection
	GlobalSection(SolutionProperties) = preSolution
		HideSolutionNode = FALSE
	EndGlobalSection
EndGlobal
